
Microsoft Visual Studio Solution File, Format Version 12.00
# Visual Studio Version 16
VisualStudioVersion = 16.0.29911.84
MinimumVisualStudioVersion = 10.0.40219.1
Project("{9A19103F-16F7-4668-BE54-9A1E7A4F7556}") = "Shoebox.Common", "Shoebox.Common.csproj", "{6095D759-2507-4E61-9776-AA1E93DBA4CA}"
EndProject
Project("{9A19103F-16F7-4668-BE54-9A1E7A4F7556}") = "Shoebox.Tests", "..\Shoebox.Tests\Shoebox.Tests.csproj", "{4D6127AE-0DD8-45D8-95D5-7F4F83CC59DD}"
EndProject
Global
	GlobalSection(SolutionConfigurationPlatforms) = preSolution
		Debug|Any CPU = Debug|Any CPU
		Release|Any CPU = Release|Any CPU
	EndGlobalSection
	GlobalSection(ProjectConfigurationPlatforms) = postSolution
		{6095D759-2507-4E61-9776-AA1E93DBA4CA}.Debug|Any CPU.ActiveCfg = Debug|Any CPU
		{6095D759-2507-4E61-9776-AA1E93DBA4CA}.Debug|Any CPU.Build.0 = Debug|Any CPU
		{6095D759-2507-4E61-9776-AA1E93DBA4CA}.Release|Any CPU.ActiveCfg = Release|Any CPU
		{6095D759-2507-4E61-9776-AA1E93DBA4CA}.Release|Any CPU.Build.0 = Release|Any CPU
		{4D6127AE-0DD8-45D8-95D5-7F4F83CC59DD}.Debug|Any CPU.ActiveCfg = Debug|Any CPU
		{4D6127AE-0DD8-45D8-95D5-7F4F83CC59DD}.Debug|Any CPU.Build.0 = Debug|Any CPU
		{4D6127AE-0DD8-45D8-95D5-7F4F83CC59DD}.Release|Any CPU.ActiveCfg = Release|Any CPU
		{4D6127AE-0DD8-45D8-95D5-7F4F83CC59DD}.Release|Any CPU.Build.0 = Release|Any CPU
	EndGlobalSection
	GlobalSection(SolutionProperties) = preSolution
		HideSolutionNode = FALSE
	EndGlobalSection
	GlobalSection(ExtensibilityGlobals) = postSolution
		SolutionGuid = {2792D6F8-4DAF-407C-A787-9D2AD25696FF}
	EndGlobalSection
EndGlobal
